
Microsoft Visual Studio Solution File, Format Version 12.00
# Visual Studio 15
Project("{FAE04EC0-301F-11D3-BF4B-00C04F79EFBC}") = "plex_agent_fix", "MonkFixPlexDB\plex_agent_fix.csproj", "{13324E53-7E7A-4BD7-9C94-CCA0E6015658}"
EndProject
Global
	GlobalSection(SolutionConfigurationPlatforms) = preSolution
		Debug|Any CPU = Debug|Any CPU
		Release|Any CPU = Release|Any CPU
	EndGlobalSection
	GlobalSection(ProjectConfigurationPlatforms) = postSolution
		{13324E53-7E7A-4BD7-9C94-CCA0E6015658}.Debug|Any CPU.ActiveCfg = Debug|Any CPU
		{13324E53-7E7A-4BD7-9C94-CCA0E6015658}.Debug|Any CPU.Build.0 = Debug|Any CPU
		{13324E53-7E7A-4BD7-9C94-CCA0E6015658}.Release|Any CPU.ActiveCfg = Release|Any CPU
		{13324E53-7E7A-4BD7-9C94-CCA0E6015658}.Release|Any CPU.Build.0 = Release|Any CPU
	EndGlobalSection
EndGlobal
